
Microsoft Visual Studio Solution File, Format Version 12.00
# Visual Studio Version 17
VisualStudioVersion = 17.5.2.0
MinimumVisualStudioVersion = 10.0.40219.1
Project("{FAE04EC0-301F-11D3-BF4B-00C04F79EFBC}") = "Scrinia", "src\Scrinia\Scrinia.csproj", "{210788D1-4941-0D69-FFAF-017D242AEAF8}"
EndProject
Project("{FAE04EC0-301F-11D3-BF4B-00C04F79EFBC}") = "Scrinia.Tests", "tests\Scrinia.Tests\Scrinia.Tests.csproj", "{806743ED-BAEE-0670-69FE-8A703C229BE5}"
EndProject
Project("{FAE04EC0-301F-11D3-BF4B-00C04F79EFBC}") = "Scrinia.Core", "src\Scrinia.Core\Scrinia.Core.csproj", "{2CDCA988-2236-45A2-AAEB-E906290529F9}"
EndProject
Project("{FAE04EC0-301F-11D3-BF4B-00C04F79EFBC}") = "Scrinia.Server", "src\Scrinia.Server\Scrinia.Server.csproj", "{E1B7AC1A-8376-4CBF-B023-A1E77AEB0A8E}"
EndProject
Project("{FAE04EC0-301F-11D3-BF4B-00C04F79EFBC}") = "Scrinia.Server.Tests", "tests\Scrinia.Server.Tests\Scrinia.Server.Tests.csproj", "{D3E192E2-F7EA-4F2B-98EB-3B591F092906}"
EndProject
Project("{FAE04EC0-301F-11D3-BF4B-00C04F79EFBC}") = "Scrinia.Mcp", "src\Scrinia.Mcp\Scrinia.Mcp.csproj", "{92CD048F-098E-4764-BFD7-EC2A04921DEB}"
EndProject
Project("{FAE04EC0-301F-11D3-BF4B-00C04F79EFBC}") = "Scrinia.Plugin.Abstractions", "src\Scrinia.Plugin.Abstractions\Scrinia.Plugin.Abstractions.csproj", "{3A922330-1BC1-4273-99E8-C4A8EE64BEEC}"
EndProject
Project("{FAE04EC0-301F-11D3-BF4B-00C04F79EFBC}") = "Scrinia.AppHost", "src\Scrinia.AppHost\Scrinia.AppHost.csproj", "{A1B2C3D4-E5F6-7890-ABCD-EF1234567890}"
EndProject
Project("{FAE04EC0-301F-11D3-BF4B-00C04F79EFBC}") = "Scrinia.Plugin.Embeddings", "src\Scrinia.Plugin.Embeddings\Scrinia.Plugin.Embeddings.csproj", "{B1C2D3E4-F5A6-7890-BCDE-F12345678901}"
EndProject
Project("{FAE04EC0-301F-11D3-BF4B-00C04F79EFBC}") = "Scrinia.Plugin.Embeddings.Tests", "tests\Scrinia.Plugin.Embeddings.Tests\Scrinia.Plugin.Embeddings.Tests.csproj", "{C2D3E4F5-A6B7-8901-CDEF-123456789012}"
EndProject
Project("{2150E333-8FDC-42A3-9474-1A3956D46DE8}") = "src", "src", "{827E0CD3-B72D-47B6-A68D-7590B98EB39B}"
EndProject
Project("{FAE04EC0-301F-11D3-BF4B-00C04F79EFBC}") = "Scrinia.Plugin.Embeddings.Cli", "src\Scrinia.Plugin.Embeddings.Cli\Scrinia.Plugin.Embeddings.Cli.csproj", "{4FE16B04-7B93-4F64-8B7B-136F25BB5183}"
EndProject
Global
	GlobalSection(SolutionConfigurationPlatforms) = preSolution
		Debug|Any CPU = Debug|Any CPU
		Debug|x64 = Debug|x64
		Debug|x86 = Debug|x86
		Release|Any CPU = Release|Any CPU
		Release|x64 = Release|x64
		Release|x86 = Release|x86
	EndGlobalSection
	GlobalSection(ProjectConfigurationPlatforms) = postSolution
		{210788D1-4941-0D69-FFAF-017D242AEAF8}.Debug|Any CPU.ActiveCfg = Debug|Any CPU
		{210788D1-4941-0D69-FFAF-017D242AEAF8}.Debug|Any CPU.Build.0 = Debug|Any CPU
		{210788D1-4941-0D69-FFAF-017D242AEAF8}.Debug|x64.ActiveCfg = Debug|Any CPU
		{210788D1-4941-0D69-FFAF-017D242AEAF8}.Debug|x64.Build.0 = Debug|Any CPU
		{210788D1-4941-0D69-FFAF-017D242AEAF8}.Debug|x86.ActiveCfg = Debug|Any CPU
		{210788D1-4941-0D69-FFAF-017D242AEAF8}.Debug|x86.Build.0 = Debug|Any CPU
		{210788D1-4941-0D69-FFAF-017D242AEAF8}.Release|Any CPU.ActiveCfg = Release|Any CPU
		{210788D1-4941-0D69-FFAF-017D242AEAF8}.Release|Any CPU.Build.0 = Release|Any CPU
		{210788D1-4941-0D69-FFAF-017D242AEAF8}.Release|x64.ActiveCfg = Release|Any CPU
		{210788D1-4941-0D69-FFAF-017D242AEAF8}.Release|x64.Build.0 = Release|Any CPU
		{210788D1-4941-0D69-FFAF-017D242AEAF8}.Release|x86.ActiveCfg = Release|Any CPU
		{210788D1-4941-0D69-FFAF-017D242AEAF8}.Release|x86.Build.0 = Release|Any CPU
		{806743ED-BAEE-0670-69FE-8A703C229BE5}.Debug|Any CPU.ActiveCfg = Debug|Any CPU
		{806743ED-BAEE-0670-69FE-8A703C229BE5}.Debug|Any CPU.Build.0 = Debug|Any CPU
		{806743ED-BAEE-0670-69FE-8A703C229BE5}.Debug|x64.ActiveCfg = Debug|Any CPU
		{806743ED-BAEE-0670-69FE-8A703C229BE5}.Debug|x64.Build.0 = Debug|Any CPU
		{806743ED-BAEE-0670-69FE-8A703C229BE5}.Debug|x86.ActiveCfg = Debug|Any CPU
		{806743ED-BAEE-0670-69FE-8A703C229BE5}.Debug|x86.Build.0 = Debug|Any CPU
		{806743ED-BAEE-0670-69FE-8A703C229BE5}.Release|Any CPU.ActiveCfg = Release|Any CPU
		{806743ED-BAEE-0670-69FE-8A703C229BE5}.Release|Any CPU.Build.0 = Release|Any CPU
		{806743ED-BAEE-0670-69FE-8A703C229BE5}.Release|x64.ActiveCfg = Release|Any CPU
		{806743ED-BAEE-0670-69FE-8A703C229BE5}.Release|x64.Build.0 = Release|Any CPU
		{806743ED-BAEE-0670-69FE-8A703C229BE5}.Release|x86.ActiveCfg = Release|Any CPU
		{806743ED-BAEE-0670-69FE-8A703C229BE5}.Release|x86.Build.0 = Release|Any CPU
		{2CDCA988-2236-45A2-AAEB-E906290529F9}.Debug|Any CPU.ActiveCfg = Debug|Any CPU
		{2CDCA988-2236-45A2-AAEB-E906290529F9}.Debug|Any CPU.Build.0 = Debug|Any CPU
		{2CDCA988-2236-45A2-AAEB-E906290529F9}.Debug|x64.ActiveCfg = Debug|Any CPU
		{2CDCA988-2236-45A2-AAEB-E906290529F9}.Debug|x64.Build.0 = Debug|Any CPU
		{2CDCA988-2236-45A2-AAEB-E906290529F9}.Debug|x86.ActiveCfg = Debug|Any CPU
		{2CDCA988-2236-45A2-AAEB-E906290529F9}.Debug|x86.Build.0 = Debug|Any CPU
		{2CDCA988-2236-45A2-AAEB-E906290529F9}.Release|Any CPU.ActiveCfg = Release|Any CPU
		{2CDCA988-2236-45A2-AAEB-E906290529F9}.Release|Any CPU.Build.0 = Release|Any CPU
		{2CDCA988-2236-45A2-AAEB-E906290529F9}.Release|x64.ActiveCfg = Release|Any CPU
		{2CDCA988-2236-45A2-AAEB-E906290529F9}.Release|x64.Build.0 = Release|Any CPU
		{2CDCA988-2236-45A2-AAEB-E906290529F9}.Release|x86.ActiveCfg = Release|Any CPU
		{2CDCA988-2236-45A2-AAEB-E906290529F9}.Release|x86.Build.0 = Release|Any CPU
		{E1B7AC1A-8376-4CBF-B023-A1E77AEB0A8E}.Debug|Any CPU.ActiveCfg = Debug|Any CPU
		{E1B7AC1A-8376-4CBF-B023-A1E77AEB0A8E}.Debug|Any CPU.Build.0 = Debug|Any CPU
		{E1B7AC1A-8376-4CBF-B023-A1E77AEB0A8E}.Debug|x64.ActiveCfg = Debug|Any CPU
		{E1B7AC1A-8376-4CBF-B023-A1E77AEB0A8E}.Debug|x64.Build.0 = Debug|Any CPU
		{E1B7AC1A-8376-4CBF-B023-A1E77AEB0A8E}.Debug|x86.ActiveCfg = Debug|Any CPU
		{E1B7AC1A-8376-4CBF-B023-A1E77AEB0A8E}.Debug|x86.Build.0 = Debug|Any CPU
		{E1B7AC1A-8376-4CBF-B023-A1E77AEB0A8E}.Release|Any CPU.ActiveCfg = Release|Any CPU
		{E1B7AC1A-8376-4CBF-B023-A1E77AEB0A8E}.Release|Any CPU.Build.0 = Release|Any CPU
		{E1B7AC1A-8376-4CBF-B023-A1E77AEB0A8E}.Release|x64.ActiveCfg = Release|Any CPU
		{E1B7AC1A-8376-4CBF-B023-A1E77AEB0A8E}.Release|x64.Build.0 = Release|Any CPU
		{E1B7AC1A-8376-4CBF-B023-A1E77AEB0A8E}.Release|x86.ActiveCfg = Release|Any CPU
		{E1B7AC1A-8376-4CBF-B023-A1E77AEB0A8E}.Release|x86.Build.0 = Release|Any CPU
		{D3E192E2-F7EA-4F2B-98EB-3B591F092906}.Debug|Any CPU.ActiveCfg = Debug|Any CPU
		{D3E192E2-F7EA-4F2B-98EB-3B591F092906}.Debug|Any CPU.Build.0 = Debug|Any CPU
		{D3E192E2-F7EA-4F2B-98EB-3B591F092906}.Debug|x64.ActiveCfg = Debug|Any CPU
		{D3E192E2-F7EA-4F2B-98EB-3B591F092906}.Debug|x64.Build.0 = Debug|Any CPU
		{D3E192E2-F7EA-4F2B-98EB-3B591F092906}.Debug|x86.ActiveCfg = Debug|Any CPU
		{D3E192E2-F7EA-4F2B-98EB-3B591F092906}.Debug|x86.Build.0 = Debug|Any CPU
		{D3E192E2-F7EA-4F2B-98EB-3B591F092906}.Release|Any CPU.ActiveCfg = Release|Any CPU
		{D3E192E2-F7EA-4F2B-98EB-3B591F092906}.Release|Any CPU.Build.0 = Release|Any CPU
		{D3E192E2-F7EA-4F2B-98EB-3B591F092906}.Release|x64.ActiveCfg = Release|Any CPU
		{D3E192E2-F7EA-4F2B-98EB-3B591F092906}.Release|x64.Build.0 = Release|Any CPU
		{D3E192E2-F7EA-4F2B-98EB-3B591F092906}.Release|x86.ActiveCfg = Release|Any CPU
		{D3E192E2-F7EA-4F2B-98EB-3B591F092906}.Release|x86.Build.0 = Release|Any CPU
		{92CD048F-098E-4764-BFD7-EC2A04921DEB}.Debug|Any CPU.ActiveCfg = Debug|Any CPU
		{92CD048F-098E-4764-BFD7-EC2A04921DEB}.Debug|Any CPU.Build.0 = Debug|Any CPU
		{92CD048F-098E-4764-BFD7-EC2A04921DEB}.Debug|x64.ActiveCfg = Debug|Any CPU
		{92CD048F-098E-4764-BFD7-EC2A04921DEB}.Debug|x64.Build.0 = Debug|Any CPU
		{92CD048F-098E-4764-BFD7-EC2A04921DEB}.Debug|x86.ActiveCfg = Debug|Any CPU
		{92CD048F-098E-4764-BFD7-EC2A04921DEB}.Debug|x86.Build.0 = Debug|Any CPU
		{92CD048F-098E-4764-BFD7-EC2A04921DEB}.Release|Any CPU.ActiveCfg = Release|Any CPU
		{92CD048F-098E-4764-BFD7-EC2A04921DEB}.Release|Any CPU.Build.0 = Release|Any CPU
		{92CD048F-098E-4764-BFD7-EC2A04921DEB}.Release|x64.ActiveCfg = Release|Any CPU
		{92CD048F-098E-4764-BFD7-EC2A04921DEB}.Release|x64.Build.0 = Release|Any CPU
		{92CD048F-098E-4764-BFD7-EC2A04921DEB}.Release|x86.ActiveCfg = Release|Any CPU
		{92CD048F-098E-4764-BFD7-EC2A04921DEB}.Release|x86.Build.0 = Release|Any CPU
		{3A922330-1BC1-4273-99E8-C4A8EE64BEEC}.Debug|Any CPU.ActiveCfg = Debug|Any CPU
		{3A922330-1BC1-4273-99E8-C4A8EE64BEEC}.Debug|Any CPU.Build.0 = Debug|Any CPU
		{3A922330-1BC1-4273-99E8-C4A8EE64BEEC}.Debug|x64.ActiveCfg = Debug|Any CPU
		{3A922330-1BC1-4273-99E8-C4A8EE64BEEC}.Debug|x64.Build.0 = Debug|Any CPU
		{3A922330-1BC1-4273-99E8-C4A8EE64BEEC}.Debug|x86.ActiveCfg = Debug|Any CPU
		{3A922330-1BC1-4273-99E8-C4A8EE64BEEC}.Debug|x86.Build.0 = Debug|Any CPU
		{3A922330-1BC1-4273-99E8-C4A8EE64BEEC}.Release|Any CPU.ActiveCfg = Release|Any CPU
		{3A922330-1BC1-4273-99E8-C4A8EE64BEEC}.Release|Any CPU.Build.0 = Release|Any CPU
		{3A922330-1BC1-4273-99E8-C4A8EE64BEEC}.Release|x64.ActiveCfg = Release|Any CPU
		{3A922330-1BC1-4273-99E8-C4A8EE64BEEC}.Release|x64.Build.0 = Release|Any CPU
		{3A922330-1BC1-4273-99E8-C4A8EE64BEEC}.Release|x86.ActiveCfg = Release|Any CPU
		{3A922330-1BC1-4273-99E8-C4A8EE64BEEC}.Release|x86.Build.0 = Release|Any CPU
		{A1B2C3D4-E5F6-7890-ABCD-EF1234567890}.Debug|Any CPU.ActiveCfg = Debug|Any CPU
		{A1B2C3D4-E5F6-7890-ABCD-EF1234567890}.Debug|Any CPU.Build.0 = Debug|Any CPU
		{A1B2C3D4-E5F6-7890-ABCD-EF1234567890}.Debug|x64.ActiveCfg = Debug|Any CPU
		{A1B2C3D4-E5F6-7890-ABCD-EF1234567890}.Debug|x64.Build.0 = Debug|Any CPU
		{A1B2C3D4-E5F6-7890-ABCD-EF1234567890}.Debug|x86.ActiveCfg = Debug|Any CPU
		{A1B2C3D4-E5F6-7890-ABCD-EF1234567890}.Debug|x86.Build.0 = Debug|Any CPU
		{A1B2C3D4-E5F6-7890-ABCD-EF1234567890}.Release|Any CPU.ActiveCfg = Release|Any CPU
		{A1B2C3D4-E5F6-7890-ABCD-EF1234567890}.Release|Any CPU.Build.0 = Release|Any CPU
		{A1B2C3D4-E5F6-7890-ABCD-EF1234567890}.Release|x64.ActiveCfg = Release|Any CPU
		{A1B2C3D4-E5F6-7890-ABCD-EF1234567890}.Release|x64.Build.0 = Release|Any CPU
		{A1B2C3D4-E5F6-7890-ABCD-EF1234567890}.Release|x86.ActiveCfg = Release|Any CPU
		{A1B2C3D4-E5F6-7890-ABCD-EF1234567890}.Release|x86.Build.0 = Release|Any CPU
		{B1C2D3E4-F5A6-7890-BCDE-F12345678901}.Debug|Any CPU.ActiveCfg = Debug|Any CPU
		{B1C2D3E4-F5A6-7890-BCDE-F12345678901}.Debug|Any CPU.Build.0 = Debug|Any CPU
		{B1C2D3E4-F5A6-7890-BCDE-F12345678901}.Debug|x64.ActiveCfg = Debug|Any CPU
		{B1C2D3E4-F5A6-7890-BCDE-F12345678901}.Debug|x64.Build.0 = Debug|Any CPU
		{B1C2D3E4-F5A6-7890-BCDE-F12345678901}.Debug|x86.ActiveCfg = Debug|Any CPU
		{B1C2D3E4-F5A6-7890-BCDE-F12345678901}.Debug|x86.Build.0 = Debug|Any CPU
		{B1C2D3E4-F5A6-7890-BCDE-F12345678901}.Release|Any CPU.ActiveCfg = Release|Any CPU
		{B1C2D3E4-F5A6-7890-BCDE-F12345678901}.Release|Any CPU.Build.0 = Release|Any CPU
		{B1C2D3E4-F5A6-7890-BCDE-F12345678901}.Release|x64.ActiveCfg = Release|Any CPU
		{B1C2D3E4-F5A6-7890-BCDE-F12345678901}.Release|x64.Build.0 = Release|Any CPU
		{B1C2D3E4-F5A6-7890-BCDE-F12345678901}.Release|x86.ActiveCfg = Release|Any CPU
		{B1C2D3E4-F5A6-7890-BCDE-F12345678901}.Release|x86.Build.0 = Release|Any CPU
		{C2D3E4F5-A6B7-8901-CDEF-123456789012}.Debug|Any CPU.ActiveCfg = Debug|Any CPU
		{C2D3E4F5-A6B7-8901-CDEF-123456789012}.Debug|Any CPU.Build.0 = Debug|Any CPU
		{C2D3E4F5-A6B7-8901-CDEF-123456789012}.Debug|x64.ActiveCfg = Debug|Any CPU
		{C2D3E4F5-A6B7-8901-CDEF-123456789012}.Debug|x64.Build.0 = Debug|Any CPU
		{C2D3E4F5-A6B7-8901-CDEF-123456789012}.Debug|x86.ActiveCfg = Debug|Any CPU
		{C2D3E4F5-A6B7-8901-CDEF-123456789012}.Debug|x86.Build.0 = Debug|Any CPU
		{C2D3E4F5-A6B7-8901-CDEF-123456789012}.Release|Any CPU.ActiveCfg = Release|Any CPU
		{C2D3E4F5-A6B7-8901-CDEF-123456789012}.Release|Any CPU.Build.0 = Release|Any CPU
		{C2D3E4F5-A6B7-8901-CDEF-123456789012}.Release|x64.ActiveCfg = Release|Any CPU
		{C2D3E4F5-A6B7-8901-CDEF-123456789012}.Release|x64.Build.0 = Release|Any CPU
		{C2D3E4F5-A6B7-8901-CDEF-123456789012}.Release|x86.ActiveCfg = Release|Any CPU
		{C2D3E4F5-A6B7-8901-CDEF-123456789012}.Release|x86.Build.0 = Release|Any CPU
		{4FE16B04-7B93-4F64-8B7B-136F25BB5183}.Debug|Any CPU.ActiveCfg = Debug|Any CPU
		{4FE16B04-7B93-4F64-8B7B-136F25BB5183}.Debug|Any CPU.Build.0 = Debug|Any CPU
		{4FE16B04-7B93-4F64-8B7B-136F25BB5183}.Debug|x64.ActiveCfg = Debug|Any CPU
		{4FE16B04-7B93-4F64-8B7B-136F25BB5183}.Debug|x64.Build.0 = Debug|Any CPU
		{4FE16B04-7B93-4F64-8B7B-136F25BB5183}.Debug|x86.ActiveCfg = Debug|Any CPU
		{4FE16B04-7B93-4F64-8B7B-136F25BB5183}.Debug|x86.Build.0 = Debug|Any CPU
		{4FE16B04-7B93-4F64-8B7B-136F25BB5183}.Release|Any CPU.ActiveCfg = Release|Any CPU
		{4FE16B04-7B93-4F64-8B7B-136F25BB5183}.Release|Any CPU.Build.0 = Release|Any CPU
		{4FE16B04-7B93-4F64-8B7B-136F25BB5183}.Release|x64.ActiveCfg = Release|Any CPU
		{4FE16B04-7B93-4F64-8B7B-136F25BB5183}.Release|x64.Build.0 = Release|Any CPU
		{4FE16B04-7B93-4F64-8B7B-136F25BB5183}.Release|x86.ActiveCfg = Release|Any CPU
		{4FE16B04-7B93-4F64-8B7B-136F25BB5183}.Release|x86.Build.0 = Release|Any CPU
	EndGlobalSection
	GlobalSection(SolutionProperties) = preSolution
		HideSolutionNode = FALSE
	EndGlobalSection
	GlobalSection(NestedProjects) = preSolution
		{4FE16B04-7B93-4F64-8B7B-136F25BB5183} = {827E0CD3-B72D-47B6-A68D-7590B98EB39B}
	EndGlobalSection
	GlobalSection(ExtensibilityGlobals) = postSolution
		SolutionGuid = {78B6F1CF-8FB0-40CD-925A-F463A2E0BDDC}
	EndGlobalSection
EndGlobal
